
Microsoft Visual Studio Solution File, Format Version 12.00
# Visual Studio Version 17
VisualStudioVersion = 17.4.33213.308
MinimumVisualStudioVersion = 10.0.40219.1
Project("{9A19103F-16F7-4668-BE54-9A1E7A4F7556}") = "Task_no.1", "Task_no.1\Task_no.1.csproj", "{C202929E-F4D0-4B75-8C06-EB96EE639955}"
EndProject
Project("{9A19103F-16F7-4668-BE54-9A1E7A4F7556}") = "Task_no.2", "Task_no.2\Task_no.2.csproj", "{276E3FC4-4E04-477A-9620-C976E09D58AC}"
EndProject
Project("{9A19103F-16F7-4668-BE54-9A1E7A4F7556}") = "Task_no.3", "Task_no.3\Task_no.3.csproj", "{1D28039D-7AFE-4499-A87A-CD3735A5CB35}"
EndProject
Project("{9A19103F-16F7-4668-BE54-9A1E7A4F7556}") = "Task_no.5", "Task_no.5\Task_no.5.csproj", "{D0BC440A-BC9B-4264-8F69-23FFC88B8E0C}"
EndProject
Project("{FAE04EC0-301F-11D3-BF4B-00C04F79EFBC}") = "Task_no.4", "Task_no.4\Task_no.4.csproj", "{88DFA8CE-476F-4673-AD6F-82ED04467D5C}"
EndProject
Global
	GlobalSection(SolutionConfigurationPlatforms) = preSolution
		Debug|Any CPU = Debug|Any CPU
		Release|Any CPU = Release|Any CPU
	EndGlobalSection
	GlobalSection(ProjectConfigurationPlatforms) = postSolution
		{C202929E-F4D0-4B75-8C06-EB96EE639955}.Debug|Any CPU.ActiveCfg = Debug|Any CPU
		{C202929E-F4D0-4B75-8C06-EB96EE639955}.Debug|Any CPU.Build.0 = Debug|Any CPU
		{C202929E-F4D0-4B75-8C06-EB96EE639955}.Release|Any CPU.ActiveCfg = Release|Any CPU
		{C202929E-F4D0-4B75-8C06-EB96EE639955}.Release|Any CPU.Build.0 = Release|Any CPU
		{276E3FC4-4E04-477A-9620-C976E09D58AC}.Debug|Any CPU.ActiveCfg = Debug|Any CPU
		{276E3FC4-4E04-477A-9620-C976E09D58AC}.Debug|Any CPU.Build.0 = Debug|Any CPU
		{276E3FC4-4E04-477A-9620-C976E09D58AC}.Release|Any CPU.ActiveCfg = Release|Any CPU
		{276E3FC4-4E04-477A-9620-C976E09D58AC}.Release|Any CPU.Build.0 = Release|Any CPU
		{1D28039D-7AFE-4499-A87A-CD3735A5CB35}.Debug|Any CPU.ActiveCfg = Debug|Any CPU
		{1D28039D-7AFE-4499-A87A-CD3735A5CB35}.Debug|Any CPU.Build.0 = Debug|Any CPU
		{1D28039D-7AFE-4499-A87A-CD3735A5CB35}.Release|Any CPU.ActiveCfg = Release|Any CPU
		{1D28039D-7AFE-4499-A87A-CD3735A5CB35}.Release|Any CPU.Build.0 = Release|Any CPU
		{D0BC440A-BC9B-4264-8F69-23FFC88B8E0C}.Debug|Any CPU.ActiveCfg = Debug|Any CPU
		{D0BC440A-BC9B-4264-8F69-23FFC88B8E0C}.Debug|Any CPU.Build.0 = Debug|Any CPU
		{D0BC440A-BC9B-4264-8F69-23FFC88B8E0C}.Release|Any CPU.ActiveCfg = Release|Any CPU
		{D0BC440A-BC9B-4264-8F69-23FFC88B8E0C}.Release|Any CPU.Build.0 = Release|Any CPU
		{88DFA8CE-476F-4673-AD6F-82ED04467D5C}.Debug|Any CPU.ActiveCfg = Debug|Any CPU
		{88DFA8CE-476F-4673-AD6F-82ED04467D5C}.Debug|Any CPU.Build.0 = Debug|Any CPU
		{88DFA8CE-476F-4673-AD6F-82ED04467D5C}.Release|Any CPU.ActiveCfg = Release|Any CPU
		{88DFA8CE-476F-4673-AD6F-82ED04467D5C}.Release|Any CPU.Build.0 = Release|Any CPU
	EndGlobalSection
	GlobalSection(SolutionProperties) = preSolution
		HideSolutionNode = FALSE
	EndGlobalSection
	GlobalSection(ExtensibilityGlobals) = postSolution
		SolutionGuid = {AB76A992-5F06-47E7-A2F3-0E484124E7C6}
	EndGlobalSection
EndGlobal
